
Microsoft Visual Studio Solution File, Format Version 12.00
# Visual Studio Version 17
VisualStudioVersion = 17.5.33414.496
MinimumVisualStudioVersion = 10.0.40219.1
Project("{9A19103F-16F7-4668-BE54-9A1E7A4F7556}") = "Database Connectivity", "MCC C# Code\Database Connectivity.csproj", "{982ED7E2-8F2A-4D2A-AC20-CD1921377BBF}"
EndProject
Global
	GlobalSection(SolutionConfigurationPlatforms) = preSolution
		Debug|Any CPU = Debug|Any CPU
		Release|Any CPU = Release|Any CPU
	EndGlobalSection
	GlobalSection(ProjectConfigurationPlatforms) = postSolution
		{982ED7E2-8F2A-4D2A-AC20-CD1921377BBF}.Debug|Any CPU.ActiveCfg = Debug|Any CPU
		{982ED7E2-8F2A-4D2A-AC20-CD1921377BBF}.Debug|Any CPU.Build.0 = Debug|Any CPU
		{982ED7E2-8F2A-4D2A-AC20-CD1921377BBF}.Release|Any CPU.ActiveCfg = Release|Any CPU
		{982ED7E2-8F2A-4D2A-AC20-CD1921377BBF}.Release|Any CPU.Build.0 = Release|Any CPU
	EndGlobalSection
	GlobalSection(SolutionProperties) = preSolution
		HideSolutionNode = FALSE
	EndGlobalSection
	GlobalSection(ExtensibilityGlobals) = postSolution
		SolutionGuid = {8E709C8F-3CFA-4EF9-B025-A37C7E5486C5}
	EndGlobalSection
EndGlobal
